// !$*UTF8*$!
{
	archiveVersion = 1;
	classes = {
	};
	objectVersion = 50;
	objects = {

/* Begin PBXBuildFile section */
		DC0949E92588EF20006F5374 /* Localizable.strings in Resources */ = {isa = PBXBuildFile; fileRef = DC0949EB2588EF20006F5374 /* Localizable.strings */; };
		DC0949ED2588EF27006F5374 /* Localizable.stringsdict in Resources */ = {isa = PBXBuildFile; fileRef = DC0949EF2588EF27006F5374 /* Localizable.stringsdict */; };
		DC0949F42588EF7A006F5374 /* Awards.json in Resources */ = {isa = PBXBuildFile; fileRef = DC0949F62588EF7A006F5374 /* Awards.json */; };
		DC0B0DB5261633FC00DBE07D /* PerformanceTests.swift in Sources */ = {isa = PBXBuildFile; fileRef = DC0B0DB4261633FC00DBE07D /* PerformanceTests.swift */; };
		DC0B0DBF2616533300DBE07D /* UltimatePortfolioUITests.swift in Sources */ = {isa = PBXBuildFile; fileRef = DC0B0DBE2616533300DBE07D /* UltimatePortfolioUITests.swift */; };
		DC21B1572541E4B100226C6E /* DataController.swift in Sources */ = {isa = PBXBuildFile; fileRef = DC21B1562541E4B100226C6E /* DataController.swift */; };
		DC21B15E2541ED6900226C6E /* CloudKit.framework in Frameworks */ = {isa = PBXBuildFile; fileRef = DC21B15D2541ED6900226C6E /* CloudKit.framework */; };
		DC21B1612541EE4C00226C6E /* HomeView.swift in Sources */ = {isa = PBXBuildFile; fileRef = DC21B1602541EE4C00226C6E /* HomeView.swift */; };
		DC21B1642541EF3600226C6E /* ProjectsView.swift in Sources */ = {isa = PBXBuildFile; fileRef = DC21B1632541EF3600226C6E /* ProjectsView.swift */; };
		DC24B3FB2567F2A100C21F1D /* SelectSomethingView.swift in Sources */ = {isa = PBXBuildFile; fileRef = DC24B3FA2567F2A100C21F1D /* SelectSomethingView.swift */; };
		DC24B3FE2567F5C100C21F1D /* Bundle-Decodable.swift in Sources */ = {isa = PBXBuildFile; fileRef = DC24B3FD2567F5C100C21F1D /* Bundle-Decodable.swift */; };
		DC24B4042567F6D300C21F1D /* Award.swift in Sources */ = {isa = PBXBuildFile; fileRef = DC24B4032567F6D300C21F1D /* Award.swift */; };
		DC24B4072567F76100C21F1D /* AwardsView.swift in Sources */ = {isa = PBXBuildFile; fileRef = DC24B4062567F76100C21F1D /* AwardsView.swift */; };
		DC2EE515261717780086F903 /* ProjectsViewModel.swift in Sources */ = {isa = PBXBuildFile; fileRef = DC2EE514261717780086F903 /* ProjectsViewModel.swift */; };
		DC2EE51A26171FF40086F903 /* HomeViewModel.swift in Sources */ = {isa = PBXBuildFile; fileRef = DC2EE51926171FF40086F903 /* HomeViewModel.swift */; };
		DC2EE51F261724EE0086F903 /* ItemRowViewModel.swift in Sources */ = {isa = PBXBuildFile; fileRef = DC2EE51E261724EE0086F903 /* ItemRowViewModel.swift */; };
		DC3324A92621E22800A2C5F4 /* SKProduct-LocalizedPrice.swift in Sources */ = {isa = PBXBuildFile; fileRef = DC3324A82621E22800A2C5F4 /* SKProduct-LocalizedPrice.swift */; };
		DC3324AB2621E2D100A2C5F4 /* PurchaseButton.swift in Sources */ = {isa = PBXBuildFile; fileRef = DC3324AA2621E2D100A2C5F4 /* PurchaseButton.swift */; };
		DC3324AD2621E3BC00A2C5F4 /* ProductView.swift in Sources */ = {isa = PBXBuildFile; fileRef = DC3324AC2621E3BC00A2C5F4 /* ProductView.swift */; };
		DC3324AF2621E50E00A2C5F4 /* UnlockView.swift in Sources */ = {isa = PBXBuildFile; fileRef = DC3324AE2621E50E00A2C5F4 /* UnlockView.swift */; };
		DC354837257AA260004B583D /* Color-Additions.swift in Sources */ = {isa = PBXBuildFile; fileRef = DC354836257AA260004B583D /* Color-Additions.swift */; };
		DC54AD262541F288009C840C /* Main.xcdatamodeld in Sources */ = {isa = PBXBuildFile; fileRef = DC54AD242541F288009C840C /* Main.xcdatamodeld */; };
		DC83CE9125C829A0003D3F3A /* UltimatePortfolioTests.swift in Sources */ = {isa = PBXBuildFile; fileRef = DC83CE9025C829A0003D3F3A /* UltimatePortfolioTests.swift */; };
		DC83CE9D25C82B09003D3F3A /* AssetTest.swift in Sources */ = {isa = PBXBuildFile; fileRef = DC83CE9C25C82B09003D3F3A /* AssetTest.swift */; };
		DC83CEA125C84E89003D3F3A /* ProjectTests.swift in Sources */ = {isa = PBXBuildFile; fileRef = DC83CEA025C84E89003D3F3A /* ProjectTests.swift */; };
		DC83CEA725C850F9003D3F3A /* AwardTests.swift in Sources */ = {isa = PBXBuildFile; fileRef = DC83CEA625C850F9003D3F3A /* AwardTests.swift */; };
		DC83CEAB25C8785B003D3F3A /* DevelopmentTests.swift in Sources */ = {isa = PBXBuildFile; fileRef = DC83CEAA25C8785B003D3F3A /* DevelopmentTests.swift */; };
		DC83CEAF25C98198003D3F3A /* ExtensionTests.swift in Sources */ = {isa = PBXBuildFile; fileRef = DC83CEAE25C98198003D3F3A /* ExtensionTests.swift */; };
		DC83CEB425C983FF003D3F3A /* DecodableString.json in Resources */ = {isa = PBXBuildFile; fileRef = DC83CEB325C983FF003D3F3A /* DecodableString.json */; };
		DC83CEBA25C9840E003D3F3A /* DecodableDictionary.json in Resources */ = {isa = PBXBuildFile; fileRef = DC83CEB925C9840E003D3F3A /* DecodableDictionary.json */; };
		DCA74D14261DE08A0009121E /* UnlockManager.swift in Sources */ = {isa = PBXBuildFile; fileRef = DCA74D13261DE08A0009121E /* UnlockManager.swift */; };
		DCADD0BA2541DA5D00086DD6 /* UltimatePortfolioApp.swift in Sources */ = {isa = PBXBuildFile; fileRef = DCADD0B92541DA5D00086DD6 /* UltimatePortfolioApp.swift */; };
		DCADD0BC2541DA5D00086DD6 /* ContentView.swift in Sources */ = {isa = PBXBuildFile; fileRef = DCADD0BB2541DA5D00086DD6 /* ContentView.swift */; };
		DCADD0BE2541DA5D00086DD6 /* Assets.xcassets in Resources */ = {isa = PBXBuildFile; fileRef = DCADD0BD2541DA5D00086DD6 /* Assets.xcassets */; };
		DCADD0C12541DA5D00086DD6 /* Preview Assets.xcassets in Resources */ = {isa = PBXBuildFile; fileRef = DCADD0C02541DA5D00086DD6 /* Preview Assets.xcassets */; };
		DCBE0C2725659CE900DA2045 /* EditItemView.swift in Sources */ = {isa = PBXBuildFile; fileRef = DCBE0C2625659CE900DA2045 /* EditItemView.swift */; };
		DCBE0C2A2565A06F00DA2045 /* ItemRowView.swift in Sources */ = {isa = PBXBuildFile; fileRef = DCBE0C292565A06F00DA2045 /* ItemRowView.swift */; };
		DCBE0C2D2565A71700DA2045 /* Binding-OnChange.swift in Sources */ = {isa = PBXBuildFile; fileRef = DCBE0C2C2565A71700DA2045 /* Binding-OnChange.swift */; };
		DCBE0C302565AAEC00DA2045 /* ProjectHeaderView.swift in Sources */ = {isa = PBXBuildFile; fileRef = DCBE0C2F2565AAEC00DA2045 /* ProjectHeaderView.swift */; };
		DCBE0C332565AE4200DA2045 /* Colors.xcassets in Resources */ = {isa = PBXBuildFile; fileRef = DCBE0C322565AE4200DA2045 /* Colors.xcassets */; };
		DCBE0C362565AF8D00DA2045 /* EditProjectView.swift in Sources */ = {isa = PBXBuildFile; fileRef = DCBE0C352565AF8D00DA2045 /* EditProjectView.swift */; };
		DCC6F6A125A078850027A6D9 /* ItemListView.swift in Sources */ = {isa = PBXBuildFile; fileRef = DCC6F6A025A078850027A6D9 /* ItemListView.swift */; };
		DCC6F6A425A0794D0027A6D9 /* ProjectSummaryView.swift in Sources */ = {isa = PBXBuildFile; fileRef = DCC6F6A325A0794D0027A6D9 /* ProjectSummaryView.swift */; };
		DCCEAE8D25444F920081EC99 /* Item-CoreDataHelpers.swift in Sources */ = {isa = PBXBuildFile; fileRef = DCCEAE8C25444F920081EC99 /* Item-CoreDataHelpers.swift */; };
		DCCEAE90254450C30081EC99 /* Project-CoreDataHelpers.swift in Sources */ = {isa = PBXBuildFile; fileRef = DCCEAE8F254450C30081EC99 /* Project-CoreDataHelpers.swift */; };
		DCFA7F3C2566EBC400F0AC60 /* Sequence-Sorting.swift in Sources */ = {isa = PBXBuildFile; fileRef = DCFA7F3B2566EBC400F0AC60 /* Sequence-Sorting.swift */; };
/* End PBXBuildFile section */

/* Begin PBXContainerItemProxy section */
		DC0B0DC12616533300DBE07D /* PBXContainerItemProxy */ = {
			isa = PBXContainerItemProxy;
			containerPortal = DCADD0AE2541DA5C00086DD6 /* Project object */;
			proxyType = 1;
			remoteGlobalIDString = DCADD0B52541DA5D00086DD6;
			remoteInfo = UltimatePortfolio;
		};
		DC83CE9325C829A0003D3F3A /* PBXContainerItemProxy */ = {
			isa = PBXContainerItemProxy;
			containerPortal = DCADD0AE2541DA5C00086DD6 /* Project object */;
			proxyType = 1;
			remoteGlobalIDString = DCADD0B52541DA5D00086DD6;
			remoteInfo = UltimatePortfolio;
		};
/* End PBXContainerItemProxy section */

/* Begin PBXFileReference section */
		DC0949EA2588EF20006F5374 /* en */ = {isa = PBXFileReference; lastKnownFileType = text.plist.strings; name = en; path = en.lproj/Localizable.strings; sourceTree = "<group>"; };
		DC0949EE2588EF27006F5374 /* en */ = {isa = PBXFileReference; lastKnownFileType = text.plist.stringsdict; name = en; path = en.lproj/Localizable.stringsdict; sourceTree = "<group>"; };
		DC0949F12588EF29006F5374 /* hu */ = {isa = PBXFileReference; lastKnownFileType = text.plist.strings; name = hu; path = hu.lproj/Localizable.strings; sourceTree = "<group>"; };
		DC0949F22588EF3F006F5374 /* hu */ = {isa = PBXFileReference; lastKnownFileType = text.plist.stringsdict; name = hu; path = hu.lproj/Localizable.stringsdict; sourceTree = "<group>"; };
		DC0949F52588EF7A006F5374 /* en */ = {isa = PBXFileReference; lastKnownFileType = text.json; name = en; path = en.lproj/Awards.json; sourceTree = "<group>"; };
		DC0949F82588EF7D006F5374 /* hu */ = {isa = PBXFileReference; lastKnownFileType = text.json; name = hu; path = hu.lproj/Awards.json; sourceTree = "<group>"; };
		DC0B0DB4261633FC00DBE07D /* PerformanceTests.swift */ = {isa = PBXFileReference; lastKnownFileType = sourcecode.swift; path = PerformanceTests.swift; sourceTree = "<group>"; };
		DC0B0DBC2616533300DBE07D /* UltimatePortfolioUITests.xctest */ = {isa = PBXFileReference; explicitFileType = wrapper.cfbundle; includeInIndex = 0; path = UltimatePortfolioUITests.xctest; sourceTree = BUILT_PRODUCTS_DIR; };
		DC0B0DBE2616533300DBE07D /* UltimatePortfolioUITests.swift */ = {isa = PBXFileReference; lastKnownFileType = sourcecode.swift; path = UltimatePortfolioUITests.swift; sourceTree = "<group>"; };
		DC0B0DC02616533300DBE07D /* Info.plist */ = {isa = PBXFileReference; lastKnownFileType = text.plist.xml; path = Info.plist; sourceTree = "<group>"; };
		DC21B1562541E4B100226C6E /* DataController.swift */ = {isa = PBXFileReference; lastKnownFileType = sourcecode.swift; path = DataController.swift; sourceTree = "<group>"; };
		DC21B15A2541ED3800226C6E /* UltimatePortfolio.entitlements */ = {isa = PBXFileReference; lastKnownFileType = text.plist.entitlements; path = UltimatePortfolio.entitlements; sourceTree = "<group>"; };
		DC21B15D2541ED6900226C6E /* CloudKit.framework */ = {isa = PBXFileReference; lastKnownFileType = wrapper.framework; name = CloudKit.framework; path = System/Library/Frameworks/CloudKit.framework; sourceTree = SDKROOT; };
		DC21B1602541EE4C00226C6E /* HomeView.swift */ = {isa = PBXFileReference; lastKnownFileType = sourcecode.swift; path = HomeView.swift; sourceTree = "<group>"; };
		DC21B1632541EF3600226C6E /* ProjectsView.swift */ = {isa = PBXFileReference; lastKnownFileType = sourcecode.swift; path = ProjectsView.swift; sourceTree = "<group>"; };
		DC24B3FA2567F2A100C21F1D /* SelectSomethingView.swift */ = {isa = PBXFileReference; lastKnownFileType = sourcecode.swift; path = SelectSomethingView.swift; sourceTree = "<group>"; };
		DC24B3FD2567F5C100C21F1D /* Bundle-Decodable.swift */ = {isa = PBXFileReference; lastKnownFileType = sourcecode.swift; path = "Bundle-Decodable.swift"; sourceTree = "<group>"; };
		DC24B4032567F6D300C21F1D /* Award.swift */ = {isa = PBXFileReference; lastKnownFileType = sourcecode.swift; path = Award.swift; sourceTree = "<group>"; };
		DC24B4062567F76100C21F1D /* AwardsView.swift */ = {isa = PBXFileReference; lastKnownFileType = sourcecode.swift; path = AwardsView.swift; sourceTree = "<group>"; };
		DC2EE514261717780086F903 /* ProjectsViewModel.swift */ = {isa = PBXFileReference; lastKnownFileType = sourcecode.swift; path = ProjectsViewModel.swift; sourceTree = "<group>"; };
		DC2EE51926171FF40086F903 /* HomeViewModel.swift */ = {isa = PBXFileReference; lastKnownFileType = sourcecode.swift; path = HomeViewModel.swift; sourceTree = "<group>"; };
		DC2EE51E261724EE0086F903 /* ItemRowViewModel.swift */ = {isa = PBXFileReference; lastKnownFileType = sourcecode.swift; path = ItemRowViewModel.swift; sourceTree = "<group>"; };
		DC3324A82621E22800A2C5F4 /* SKProduct-LocalizedPrice.swift */ = {isa = PBXFileReference; lastKnownFileType = sourcecode.swift; path = "SKProduct-LocalizedPrice.swift"; sourceTree = "<group>"; };
		DC3324AA2621E2D100A2C5F4 /* PurchaseButton.swift */ = {isa = PBXFileReference; lastKnownFileType = sourcecode.swift; path = PurchaseButton.swift; sourceTree = "<group>"; };
		DC3324AC2621E3BC00A2C5F4 /* ProductView.swift */ = {isa = PBXFileReference; lastKnownFileType = sourcecode.swift; path = ProductView.swift; sourceTree = "<group>"; };
		DC3324AE2621E50E00A2C5F4 /* UnlockView.swift */ = {isa = PBXFileReference; lastKnownFileType = sourcecode.swift; path = UnlockView.swift; sourceTree = "<group>"; };
		DC354836257AA260004B583D /* Color-Additions.swift */ = {isa = PBXFileReference; lastKnownFileType = sourcecode.swift; path = "Color-Additions.swift"; sourceTree = "<group>"; };
		DC54AD252541F288009C840C /* Model.xcdatamodel */ = {isa = PBXFileReference; lastKnownFileType = wrapper.xcdatamodel; path = Model.xcdatamodel; sourceTree = "<group>"; };
		DC83CE8E25C829A0003D3F3A /* UltimatePortfolioTests.xctest */ = {isa = PBXFileReference; explicitFileType = wrapper.cfbundle; includeInIndex = 0; path = UltimatePortfolioTests.xctest; sourceTree = BUILT_PRODUCTS_DIR; };
		DC83CE9025C829A0003D3F3A /* UltimatePortfolioTests.swift */ = {isa = PBXFileReference; lastKnownFileType = sourcecode.swift; path = UltimatePortfolioTests.swift; sourceTree = "<group>"; };
		DC83CE9225C829A0003D3F3A /* Info.plist */ = {isa = PBXFileReference; lastKnownFileType = text.plist.xml; path = Info.plist; sourceTree = "<group>"; };
		DC83CE9C25C82B09003D3F3A /* AssetTest.swift */ = {isa = PBXFileReference; lastKnownFileType = sourcecode.swift; path = AssetTest.swift; sourceTree = "<group>"; };
		DC83CEA025C84E89003D3F3A /* ProjectTests.swift */ = {isa = PBXFileReference; lastKnownFileType = sourcecode.swift; path = ProjectTests.swift; sourceTree = "<group>"; };
		DC83CEA625C850F9003D3F3A /* AwardTests.swift */ = {isa = PBXFileReference; lastKnownFileType = sourcecode.swift; path = AwardTests.swift; sourceTree = "<group>"; };
		DC83CEAA25C8785B003D3F3A /* DevelopmentTests.swift */ = {isa = PBXFileReference; lastKnownFileType = sourcecode.swift; path = DevelopmentTests.swift; sourceTree = "<group>"; };
		DC83CEAE25C98198003D3F3A /* ExtensionTests.swift */ = {isa = PBXFileReference; lastKnownFileType = sourcecode.swift; path = ExtensionTests.swift; sourceTree = "<group>"; };
		DC83CEB325C983FF003D3F3A /* DecodableString.json */ = {isa = PBXFileReference; lastKnownFileType = text.json; path = DecodableString.json; sourceTree = "<group>"; };
		DC83CEB925C9840E003D3F3A /* DecodableDictionary.json */ = {isa = PBXFileReference; lastKnownFileType = text.json; path = DecodableDictionary.json; sourceTree = "<group>"; };
		DCA74D13261DE08A0009121E /* UnlockManager.swift */ = {isa = PBXFileReference; lastKnownFileType = sourcecode.swift; path = UnlockManager.swift; sourceTree = "<group>"; };
		DCA74D15261DE2310009121E /* Configuration.storekit */ = {isa = PBXFileReference; lastKnownFileType = text; path = Configuration.storekit; sourceTree = "<group>"; };
		DCADD0B62541DA5D00086DD6 /* UltimatePortfolio.app */ = {isa = PBXFileReference; explicitFileType = wrapper.application; includeInIndex = 0; path = UltimatePortfolio.app; sourceTree = BUILT_PRODUCTS_DIR; };
		DCADD0B92541DA5D00086DD6 /* UltimatePortfolioApp.swift */ = {isa = PBXFileReference; lastKnownFileType = sourcecode.swift; path = UltimatePortfolioApp.swift; sourceTree = "<group>"; };
		DCADD0BB2541DA5D00086DD6 /* ContentView.swift */ = {isa = PBXFileReference; lastKnownFileType = sourcecode.swift; path = ContentView.swift; sourceTree = "<group>"; };
		DCADD0BD2541DA5D00086DD6 /* Assets.xcassets */ = {isa = PBXFileReference; lastKnownFileType = folder.assetcatalog; path = Assets.xcassets; sourceTree = "<group>"; };
		DCADD0C02541DA5D00086DD6 /* Preview Assets.xcassets */ = {isa = PBXFileReference; lastKnownFileType = folder.assetcatalog; path = "Preview Assets.xcassets"; sourceTree = "<group>"; };
		DCADD0C22541DA5D00086DD6 /* Info.plist */ = {isa = PBXFileReference; lastKnownFileType = text.plist.xml; path = Info.plist; sourceTree = "<group>"; };
		DCBE0C2625659CE900DA2045 /* EditItemView.swift */ = {isa = PBXFileReference; lastKnownFileType = sourcecode.swift; path = EditItemView.swift; sourceTree = "<group>"; };
		DCBE0C292565A06F00DA2045 /* ItemRowView.swift */ = {isa = PBXFileReference; lastKnownFileType = sourcecode.swift; path = ItemRowView.swift; sourceTree = "<group>"; };
		DCBE0C2C2565A71700DA2045 /* Binding-OnChange.swift */ = {isa = PBXFileReference; lastKnownFileType = sourcecode.swift; path = "Binding-OnChange.swift"; sourceTree = "<group>"; };
		DCBE0C2F2565AAEC00DA2045 /* ProjectHeaderView.swift */ = {isa = PBXFileReference; lastKnownFileType = sourcecode.swift; path = ProjectHeaderView.swift; sourceTree = "<group>"; };
		DCBE0C322565AE4200DA2045 /* Colors.xcassets */ = {isa = PBXFileReference; lastKnownFileType = folder.assetcatalog; path = Colors.xcassets; sourceTree = "<group>"; };
		DCBE0C352565AF8D00DA2045 /* EditProjectView.swift */ = {isa = PBXFileReference; lastKnownFileType = sourcecode.swift; path = EditProjectView.swift; sourceTree = "<group>"; };
		DCC6F6A025A078850027A6D9 /* ItemListView.swift */ = {isa = PBXFileReference; lastKnownFileType = sourcecode.swift; path = ItemListView.swift; sourceTree = "<group>"; };
		DCC6F6A325A0794D0027A6D9 /* ProjectSummaryView.swift */ = {isa = PBXFileReference; lastKnownFileType = sourcecode.swift; path = ProjectSummaryView.swift; sourceTree = "<group>"; };
		DCCEAE8C25444F920081EC99 /* Item-CoreDataHelpers.swift */ = {isa = PBXFileReference; lastKnownFileType = sourcecode.swift; path = "Item-CoreDataHelpers.swift"; sourceTree = "<group>"; };
		DCCEAE8F254450C30081EC99 /* Project-CoreDataHelpers.swift */ = {isa = PBXFileReference; lastKnownFileType = sourcecode.swift; path = "Project-CoreDataHelpers.swift"; sourceTree = "<group>"; };
		DCFA7F3B2566EBC400F0AC60 /* Sequence-Sorting.swift */ = {isa = PBXFileReference; lastKnownFileType = sourcecode.swift; path = "Sequence-Sorting.swift"; sourceTree = "<group>"; };
/* End PBXFileReference section */

/* Begin PBXFrameworksBuildPhase section */
		DC0B0DB92616533300DBE07D /* Frameworks */ = {
			isa = PBXFrameworksBuildPhase;
			buildActionMask = 2147483647;
			files = (
			);
			runOnlyForDeploymentPostprocessing = 0;
		};
		DC83CE8B25C829A0003D3F3A /* Frameworks */ = {
			isa = PBXFrameworksBuildPhase;
			buildActionMask = 2147483647;
			files = (
			);
			runOnlyForDeploymentPostprocessing = 0;
		};
		DCADD0B32541DA5D00086DD6 /* Frameworks */ = {
			isa = PBXFrameworksBuildPhase;
			buildActionMask = 2147483647;
			files = (
				DC21B15E2541ED6900226C6E /* CloudKit.framework in Frameworks */,
			);
			runOnlyForDeploymentPostprocessing = 0;
		};
/* End PBXFrameworksBuildPhase section */

/* Begin PBXGroup section */
		DC0B0DBD2616533300DBE07D /* UltimatePortfolioUITests */ = {
			isa = PBXGroup;
			children = (
				DC0B0DBE2616533300DBE07D /* UltimatePortfolioUITests.swift */,
				DC0B0DC02616533300DBE07D /* Info.plist */,
			);
			path = UltimatePortfolioUITests;
			sourceTree = "<group>";
		};
		DC21B15C2541ED6900226C6E /* Frameworks */ = {
			isa = PBXGroup;
			children = (
				DC21B15D2541ED6900226C6E /* CloudKit.framework */,
			);
			name = Frameworks;
			sourceTree = "<group>";
		};
		DC3324B02621E87300A2C5F4 /* Unlock */ = {
			isa = PBXGroup;
			children = (
				DC3324AC2621E3BC00A2C5F4 /* ProductView.swift */,
				DC3324AA2621E2D100A2C5F4 /* PurchaseButton.swift */,
				DCA74D13261DE08A0009121E /* UnlockManager.swift */,
				DC3324AE2621E50E00A2C5F4 /* UnlockView.swift */,
			);
			path = Unlock;
			sourceTree = "<group>";
		};
		DC83CE7C25C822E0003D3F3A /* Extensions */ = {
			isa = PBXGroup;
			children = (
				DC24B3FD2567F5C100C21F1D /* Bundle-Decodable.swift */,
				DCFA7F3B2566EBC400F0AC60 /* Sequence-Sorting.swift */,
				DCBE0C2C2565A71700DA2045 /* Binding-OnChange.swift */,
				DC354836257AA260004B583D /* Color-Additions.swift */,
				DCCEAE8C25444F920081EC99 /* Item-CoreDataHelpers.swift */,
				DCCEAE8F254450C30081EC99 /* Project-CoreDataHelpers.swift */,
				DC3324A82621E22800A2C5F4 /* SKProduct-LocalizedPrice.swift */,
			);
			path = Extensions;
			sourceTree = "<group>";
		};
		DC83CE7D25C822E6003D3F3A /* Localization */ = {
			isa = PBXGroup;
			children = (
				DC0949EF2588EF27006F5374 /* Localizable.stringsdict */,
				DC0949EB2588EF20006F5374 /* Localizable.strings */,
			);
			path = Localization;
			sourceTree = "<group>";
		};
		DC83CE7E25C822EC003D3F3A /* Configuration */ = {
			isa = PBXGroup;
			children = (
				DCADD0C22541DA5D00086DD6 /* Info.plist */,
				DC54AD242541F288009C840C /* Main.xcdatamodeld */,
				DCA74D15261DE2310009121E /* Configuration.storekit */,
				DC21B15A2541ED3800226C6E /* UltimatePortfolio.entitlements */,
			);
			path = Configuration;
			sourceTree = "<group>";
		};
		DC83CE8325C824BF003D3F3A /* Activities */ = {
			isa = PBXGroup;
			children = (
				DC83CE8425C824D0003D3F3A /* Home */,
				DC83CE8525C824DA003D3F3A /* Projects */,
				DC83CE8625C824DF003D3F3A /* Awards */,
				DC3324B02621E87300A2C5F4 /* Unlock */,
			);
			path = Activities;
			sourceTree = "<group>";
		};
		DC83CE8425C824D0003D3F3A /* Home */ = {
			isa = PBXGroup;
			children = (
				DC21B1602541EE4C00226C6E /* HomeView.swift */,
				DC2EE51926171FF40086F903 /* HomeViewModel.swift */,
				DCC6F6A025A078850027A6D9 /* ItemListView.swift */,
				DCC6F6A325A0794D0027A6D9 /* ProjectSummaryView.swift */,
			);
			path = Home;
			sourceTree = "<group>";
		};
		DC83CE8525C824DA003D3F3A /* Projects */ = {
			isa = PBXGroup;
			children = (
				DC21B1632541EF3600226C6E /* ProjectsView.swift */,
				DC2EE514261717780086F903 /* ProjectsViewModel.swift */,
				DC24B3FA2567F2A100C21F1D /* SelectSomethingView.swift */,
				DCBE0C2F2565AAEC00DA2045 /* ProjectHeaderView.swift */,
				DCBE0C292565A06F00DA2045 /* ItemRowView.swift */,
				DC2EE51E261724EE0086F903 /* ItemRowViewModel.swift */,
				DCBE0C352565AF8D00DA2045 /* EditProjectView.swift */,
				DCBE0C2625659CE900DA2045 /* EditItemView.swift */,
			);
			path = Projects;
			sourceTree = "<group>";
		};
		DC83CE8625C824DF003D3F3A /* Awards */ = {
			isa = PBXGroup;
			children = (
				DC24B4062567F76100C21F1D /* AwardsView.swift */,
				DC24B4032567F6D300C21F1D /* Award.swift */,
				DC0949F62588EF7A006F5374 /* Awards.json */,
			);
			path = Awards;
			sourceTree = "<group>";
		};
		DC83CE8F25C829A0003D3F3A /* UltimatePortfolioTests */ = {
			isa = PBXGroup;
			children = (
				DC83CEB225C983E3003D3F3A /* Fixtures */,
				DC83CEAA25C8785B003D3F3A /* DevelopmentTests.swift */,
				DC83CEA025C84E89003D3F3A /* ProjectTests.swift */,
				DC83CEA625C850F9003D3F3A /* AwardTests.swift */,
				DC0B0DB4261633FC00DBE07D /* PerformanceTests.swift */,
				DC83CE9025C829A0003D3F3A /* UltimatePortfolioTests.swift */,
				DC83CE9C25C82B09003D3F3A /* AssetTest.swift */,
				DC83CE9225C829A0003D3F3A /* Info.plist */,
				DC83CEAE25C98198003D3F3A /* ExtensionTests.swift */,
			);
			path = UltimatePortfolioTests;
			sourceTree = "<group>";
		};
		DC83CEB225C983E3003D3F3A /* Fixtures */ = {
			isa = PBXGroup;
			children = (
				DC83CEB325C983FF003D3F3A /* DecodableString.json */,
				DC83CEB925C9840E003D3F3A /* DecodableDictionary.json */,
			);
			path = Fixtures;
			sourceTree = "<group>";
		};
		DCADD0AD2541DA5C00086DD6 = {
			isa = PBXGroup;
			children = (
				DCADD0B82541DA5D00086DD6 /* UltimatePortfolio */,
				DC83CE8F25C829A0003D3F3A /* UltimatePortfolioTests */,
				DC0B0DBD2616533300DBE07D /* UltimatePortfolioUITests */,
				DCADD0B72541DA5D00086DD6 /* Products */,
				DC21B15C2541ED6900226C6E /* Frameworks */,
			);
			sourceTree = "<group>";
		};
		DCADD0B72541DA5D00086DD6 /* Products */ = {
			isa = PBXGroup;
			children = (
				DCADD0B62541DA5D00086DD6 /* UltimatePortfolio.app */,
				DC83CE8E25C829A0003D3F3A /* UltimatePortfolioTests.xctest */,
				DC0B0DBC2616533300DBE07D /* UltimatePortfolioUITests.xctest */,
			);
			name = Products;
			sourceTree = "<group>";
		};
		DCADD0B82541DA5D00086DD6 /* UltimatePortfolio */ = {
			isa = PBXGroup;
			children = (
				DC83CE8325C824BF003D3F3A /* Activities */,
				DC83CE7C25C822E0003D3F3A /* Extensions */,
				DC83CE7D25C822E6003D3F3A /* Localization */,
				DC83CE7E25C822EC003D3F3A /* Configuration */,
				DCADD0B92541DA5D00086DD6 /* UltimatePortfolioApp.swift */,
				DC21B1562541E4B100226C6E /* DataController.swift */,
				DCADD0BB2541DA5D00086DD6 /* ContentView.swift */,
				DCADD0BD2541DA5D00086DD6 /* Assets.xcassets */,
				DCBE0C322565AE4200DA2045 /* Colors.xcassets */,
				DCADD0BF2541DA5D00086DD6 /* Preview Content */,
			);
			path = UltimatePortfolio;
			sourceTree = "<group>";
		};
		DCADD0BF2541DA5D00086DD6 /* Preview Content */ = {
			isa = PBXGroup;
			children = (
				DCADD0C02541DA5D00086DD6 /* Preview Assets.xcassets */,
			);
			path = "Preview Content";
			sourceTree = "<group>";
		};
/* End PBXGroup section */

/* Begin PBXNativeTarget section */
		DC0B0DBB2616533300DBE07D /* UltimatePortfolioUITests */ = {
			isa = PBXNativeTarget;
			buildConfigurationList = DC0B0DC32616533300DBE07D /* Build configuration list for PBXNativeTarget "UltimatePortfolioUITests" */;
			buildPhases = (
				DC0B0DB82616533300DBE07D /* Sources */,
				DC0B0DB92616533300DBE07D /* Frameworks */,
				DC0B0DBA2616533300DBE07D /* Resources */,
			);
			buildRules = (
			);
			dependencies = (
				DC0B0DC22616533300DBE07D /* PBXTargetDependency */,
			);
			name = UltimatePortfolioUITests;
			productName = UltimatePortfolioUITests;
			productReference = DC0B0DBC2616533300DBE07D /* UltimatePortfolioUITests.xctest */;
			productType = "com.apple.product-type.bundle.ui-testing";
		};
		DC83CE8D25C829A0003D3F3A /* UltimatePortfolioTests */ = {
			isa = PBXNativeTarget;
			buildConfigurationList = DC83CE9525C829A0003D3F3A /* Build configuration list for PBXNativeTarget "UltimatePortfolioTests" */;
			buildPhases = (
				DC83CE8A25C829A0003D3F3A /* Sources */,
				DC83CE8B25C829A0003D3F3A /* Frameworks */,
				DC83CE8C25C829A0003D3F3A /* Resources */,
			);
			buildRules = (
			);
			dependencies = (
				DC83CE9425C829A0003D3F3A /* PBXTargetDependency */,
			);
			name = UltimatePortfolioTests;
			productName = UltimatePortfolioTests;
			productReference = DC83CE8E25C829A0003D3F3A /* UltimatePortfolioTests.xctest */;
			productType = "com.apple.product-type.bundle.unit-test";
		};
		DCADD0B52541DA5D00086DD6 /* UltimatePortfolio */ = {
			isa = PBXNativeTarget;
			buildConfigurationList = DCADD0C52541DA5D00086DD6 /* Build configuration list for PBXNativeTarget "UltimatePortfolio" */;
			buildPhases = (
				DCADD0B22541DA5D00086DD6 /* Sources */,
				DCADD0B32541DA5D00086DD6 /* Frameworks */,
				DCADD0B42541DA5D00086DD6 /* Resources */,
				DCC6F6A625A08DF30027A6D9 /* SwiftLint */,
			);
			buildRules = (
			);
			dependencies = (
			);
			name = UltimatePortfolio;
			productName = UltimatePortfolio;
			productReference = DCADD0B62541DA5D00086DD6 /* UltimatePortfolio.app */;
			productType = "com.apple.product-type.application";
		};
/* End PBXNativeTarget section */

/* Begin PBXProject section */
		DCADD0AE2541DA5C00086DD6 /* Project object */ = {
			isa = PBXProject;
			attributes = {
				LastSwiftUpdateCheck = 1240;
				LastUpgradeCheck = 1230;
				TargetAttributes = {
					DC0B0DBB2616533300DBE07D = {
						CreatedOnToolsVersion = 12.4;
						TestTargetID = DCADD0B52541DA5D00086DD6;
					};
					DC83CE8D25C829A0003D3F3A = {
						CreatedOnToolsVersion = 12.4;
						TestTargetID = DCADD0B52541DA5D00086DD6;
					};
					DCADD0B52541DA5D00086DD6 = {
						CreatedOnToolsVersion = 12.2;
					};
				};
			};
			buildConfigurationList = DCADD0B12541DA5C00086DD6 /* Build configuration list for PBXProject "UltimatePortfolio" */;
			compatibilityVersion = "Xcode 9.3";
			developmentRegion = en;
			hasScannedForEncodings = 0;
			knownRegions = (
				en,
				Base,
				hu,
			);
			mainGroup = DCADD0AD2541DA5C00086DD6;
			productRefGroup = DCADD0B72541DA5D00086DD6 /* Products */;
			projectDirPath = "";
			projectRoot = "";
			targets = (
				DCADD0B52541DA5D00086DD6 /* UltimatePortfolio */,
				DC83CE8D25C829A0003D3F3A /* UltimatePortfolioTests */,
				DC0B0DBB2616533300DBE07D /* UltimatePortfolioUITests */,
			);
		};
/* End PBXProject section */

/* Begin PBXResourcesBuildPhase section */
		DC0B0DBA2616533300DBE07D /* Resources */ = {
			isa = PBXResourcesBuildPhase;
			buildActionMask = 2147483647;
			files = (
			);
			runOnlyForDeploymentPostprocessing = 0;
		};
		DC83CE8C25C829A0003D3F3A /* Resources */ = {
			isa = PBXResourcesBuildPhase;
			buildActionMask = 2147483647;
			files = (
				DC83CEB425C983FF003D3F3A /* DecodableString.json in Resources */,
				DC83CEBA25C9840E003D3F3A /* DecodableDictionary.json in Resources */,
			);
			runOnlyForDeploymentPostprocessing = 0;
		};
		DCADD0B42541DA5D00086DD6 /* Resources */ = {
			isa = PBXResourcesBuildPhase;
			buildActionMask = 2147483647;
			files = (
				DCBE0C332565AE4200DA2045 /* Colors.xcassets in Resources */,
				DC0949E92588EF20006F5374 /* Localizable.strings in Resources */,
				DC0949F42588EF7A006F5374 /* Awards.json in Resources */,
				DCADD0C12541DA5D00086DD6 /* Preview Assets.xcassets in Resources */,
				DC0949ED2588EF27006F5374 /* Localizable.stringsdict in Resources */,
				DCADD0BE2541DA5D00086DD6 /* Assets.xcassets in Resources */,
			);
			runOnlyForDeploymentPostprocessing = 0;
		};
/* End PBXResourcesBuildPhase section */

/* Begin PBXShellScriptBuildPhase section */
		DCC6F6A625A08DF30027A6D9 /* SwiftLint */ = {
			isa = PBXShellScriptBuildPhase;
			buildActionMask = 2147483647;
			files = (
			);
			inputFileListPaths = (
			);
			inputPaths = (
			);
			name = SwiftLint;
			outputFileListPaths = (
			);
			outputPaths = (
			);
			runOnlyForDeploymentPostprocessing = 0;
			shellPath = /bin/sh;
			shellScript = "if which swiftlint >/dev/null; then\n  swiftlint\nelse\n  echo \"warning: SwiftLint not installed, download from https://github.com/realm/SwiftLint\"\nfi\n";
		};
/* End PBXShellScriptBuildPhase section */

/* Begin PBXSourcesBuildPhase section */
		DC0B0DB82616533300DBE07D /* Sources */ = {
			isa = PBXSourcesBuildPhase;
			buildActionMask = 2147483647;
			files = (
				DC0B0DBF2616533300DBE07D /* UltimatePortfolioUITests.swift in Sources */,
			);
			runOnlyForDeploymentPostprocessing = 0;
		};
		DC83CE8A25C829A0003D3F3A /* Sources */ = {
			isa = PBXSourcesBuildPhase;
			buildActionMask = 2147483647;
			files = (
				DC0B0DB5261633FC00DBE07D /* PerformanceTests.swift in Sources */,
				DC83CE9D25C82B09003D3F3A /* AssetTest.swift in Sources */,
				DC83CEA725C850F9003D3F3A /* AwardTests.swift in Sources */,
				DC83CE9125C829A0003D3F3A /* UltimatePortfolioTests.swift in Sources */,
				DC83CEAF25C98198003D3F3A /* ExtensionTests.swift in Sources */,
				DC83CEA125C84E89003D3F3A /* ProjectTests.swift in Sources */,
				DC83CEAB25C8785B003D3F3A /* DevelopmentTests.swift in Sources */,
			);
			runOnlyForDeploymentPostprocessing = 0;
		};
		DCADD0B22541DA5D00086DD6 /* Sources */ = {
			isa = PBXSourcesBuildPhase;
			buildActionMask = 2147483647;
			files = (
				DC21B1642541EF3600226C6E /* ProjectsView.swift in Sources */,
				DCC6F6A425A0794D0027A6D9 /* ProjectSummaryView.swift in Sources */,
				DC3324AB2621E2D100A2C5F4 /* PurchaseButton.swift in Sources */,
				DCBE0C302565AAEC00DA2045 /* ProjectHeaderView.swift in Sources */,
				DC3324AD2621E3BC00A2C5F4 /* ProductView.swift in Sources */,
				DC24B4072567F76100C21F1D /* AwardsView.swift in Sources */,
				DCADD0BC2541DA5D00086DD6 /* ContentView.swift in Sources */,
				DC2EE51A26171FF40086F903 /* HomeViewModel.swift in Sources */,
				DCA74D14261DE08A0009121E /* UnlockManager.swift in Sources */,
				DCCEAE90254450C30081EC99 /* Project-CoreDataHelpers.swift in Sources */,
				DC354837257AA260004B583D /* Color-Additions.swift in Sources */,
				DCBE0C362565AF8D00DA2045 /* EditProjectView.swift in Sources */,
				DC21B1572541E4B100226C6E /* DataController.swift in Sources */,
				DC24B3FB2567F2A100C21F1D /* SelectSomethingView.swift in Sources */,
				DC24B4042567F6D300C21F1D /* Award.swift in Sources */,
				DCBE0C2A2565A06F00DA2045 /* ItemRowView.swift in Sources */,
				DC3324AF2621E50E00A2C5F4 /* UnlockView.swift in Sources */,
				DCADD0BA2541DA5D00086DD6 /* UltimatePortfolioApp.swift in Sources */,
				DCBE0C2D2565A71700DA2045 /* Binding-OnChange.swift in Sources */,
				DCFA7F3C2566EBC400F0AC60 /* Sequence-Sorting.swift in Sources */,
				DC24B3FE2567F5C100C21F1D /* Bundle-Decodable.swift in Sources */,
				DCC6F6A125A078850027A6D9 /* ItemListView.swift in Sources */,
				DC54AD262541F288009C840C /* Main.xcdatamodeld in Sources */,
				DC21B1612541EE4C00226C6E /* HomeView.swift in Sources */,
				DC2EE51F261724EE0086F903 /* ItemRowViewModel.swift in Sources */,
				DCCEAE8D25444F920081EC99 /* Item-CoreDataHelpers.swift in Sources */,
				DC3324A92621E22800A2C5F4 /* SKProduct-LocalizedPrice.swift in Sources */,
				DC2EE515261717780086F903 /* ProjectsViewModel.swift in Sources */,
				DCBE0C2725659CE900DA2045 /* EditItemView.swift in Sources */,
			);
			runOnlyForDeploymentPostprocessing = 0;
		};
/* End PBXSourcesBuildPhase section */

/* Begin PBXTargetDependency section */
		DC0B0DC22616533300DBE07D /* PBXTargetDependency */ = {
			isa = PBXTargetDependency;
			target = DCADD0B52541DA5D00086DD6 /* UltimatePortfolio */;
			targetProxy = DC0B0DC12616533300DBE07D /* PBXContainerItemProxy */;
		};
		DC83CE9425C829A0003D3F3A /* PBXTargetDependency */ = {
			isa = PBXTargetDependency;
			target = DCADD0B52541DA5D00086DD6 /* UltimatePortfolio */;
			targetProxy = DC83CE9325C829A0003D3F3A /* PBXContainerItemProxy */;
		};
/* End PBXTargetDependency section */

/* Begin PBXVariantGroup section */
		DC0949EB2588EF20006F5374 /* Localizable.strings */ = {
			isa = PBXVariantGroup;
			children = (
				DC0949EA2588EF20006F5374 /* en */,
				DC0949F12588EF29006F5374 /* hu */,
			);
			name = Localizable.strings;
			sourceTree = "<group>";
		};
		DC0949EF2588EF27006F5374 /* Localizable.stringsdict */ = {
			isa = PBXVariantGroup;
			children = (
				DC0949EE2588EF27006F5374 /* en */,
				DC0949F22588EF3F006F5374 /* hu */,
			);
			name = Localizable.stringsdict;
			sourceTree = "<group>";
		};
		DC0949F62588EF7A006F5374 /* Awards.json */ = {
			isa = PBXVariantGroup;
			children = (
				DC0949F52588EF7A006F5374 /* en */,
				DC0949F82588EF7D006F5374 /* hu */,
			);
			name = Awards.json;
			sourceTree = "<group>";
		};
/* End PBXVariantGroup section */

/* Begin XCBuildConfiguration section */
		DC0B0DC42616533300DBE07D /* Debug */ = {
			isa = XCBuildConfiguration;
			buildSettings = {
				CODE_SIGN_STYLE = Automatic;
				DEVELOPMENT_TEAM = 2BRLV2FEPT;
				INFOPLIST_FILE = UltimatePortfolioUITests/Info.plist;
				IPHONEOS_DEPLOYMENT_TARGET = 14.4;
				LD_RUNPATH_SEARCH_PATHS = (
					"$(inherited)",
					"@executable_path/Frameworks",
					"@loader_path/Frameworks",
				);
				PRODUCT_BUNDLE_IDENTIFIER = thom.pheijffer.UltimatePortfolioUITests;
				PRODUCT_NAME = "$(TARGET_NAME)";
				SWIFT_VERSION = 5.0;
				TARGETED_DEVICE_FAMILY = "1,2";
				TEST_TARGET_NAME = UltimatePortfolio;
			};
			name = Debug;
		};
		DC0B0DC52616533300DBE07D /* Release */ = {
			isa = XCBuildConfiguration;
			buildSettings = {
				CODE_SIGN_STYLE = Automatic;
				DEVELOPMENT_TEAM = 2BRLV2FEPT;
				INFOPLIST_FILE = UltimatePortfolioUITests/Info.plist;
				IPHONEOS_DEPLOYMENT_TARGET = 14.4;
				LD_RUNPATH_SEARCH_PATHS = (
					"$(inherited)",
					"@executable_path/Frameworks",
					"@loader_path/Frameworks",
				);
				PRODUCT_BUNDLE_IDENTIFIER = thom.pheijffer.UltimatePortfolioUITests;
				PRODUCT_NAME = "$(TARGET_NAME)";
				SWIFT_VERSION = 5.0;
				TARGETED_DEVICE_FAMILY = "1,2";
				TEST_TARGET_NAME = UltimatePortfolio;
			};
			name = Release;
		};
		DC83CE9625C829A0003D3F3A /* Debug */ = {
			isa = XCBuildConfiguration;
			buildSettings = {
				BUNDLE_LOADER = "$(TEST_HOST)";
				CODE_SIGN_STYLE = Automatic;
				DEVELOPMENT_TEAM = 2BRLV2FEPT;
				INFOPLIST_FILE = UltimatePortfolioTests/Info.plist;
				IPHONEOS_DEPLOYMENT_TARGET = 14.4;
				LD_RUNPATH_SEARCH_PATHS = (
					"$(inherited)",
					"@executable_path/Frameworks",
					"@loader_path/Frameworks",
				);
				PRODUCT_BUNDLE_IDENTIFIER = thom.pheijffer.UltimatePortfolioTests;
				PRODUCT_NAME = "$(TARGET_NAME)";
				SWIFT_VERSION = 5.0;
				TARGETED_DEVICE_FAMILY = "1,2";
				TEST_HOST = "$(BUILT_PRODUCTS_DIR)/UltimatePortfolio.app/UltimatePortfolio";
			};
			name = Debug;
		};
		DC83CE9725C829A0003D3F3A /* Release */ = {
			isa = XCBuildConfiguration;
			buildSettings = {
				BUNDLE_LOADER = "$(TEST_HOST)";
				CODE_SIGN_STYLE = Automatic;
				DEVELOPMENT_TEAM = 2BRLV2FEPT;
				INFOPLIST_FILE = UltimatePortfolioTests/Info.plist;
				IPHONEOS_DEPLOYMENT_TARGET = 14.4;
				LD_RUNPATH_SEARCH_PATHS = (
					"$(inherited)",
					"@executable_path/Frameworks",
					"@loader_path/Frameworks",
				);
				PRODUCT_BUNDLE_IDENTIFIER = thom.pheijffer.UltimatePortfolioTests;
				PRODUCT_NAME = "$(TARGET_NAME)";
				SWIFT_VERSION = 5.0;
				TARGETED_DEVICE_FAMILY = "1,2";
				TEST_HOST = "$(BUILT_PRODUCTS_DIR)/UltimatePortfolio.app/UltimatePortfolio";
			};
			name = Release;
		};
		DCADD0C32541DA5D00086DD6 /* Debug */ = {
			isa = XCBuildConfiguration;
			buildSettings = {
				ALWAYS_SEARCH_USER_PATHS = NO;
				CLANG_ANALYZER_LOCALIZABILITY_NONLOCALIZED = YES;
				CLANG_ANALYZER_NONNULL = YES;
				CLANG_ANALYZER_NUMBER_OBJECT_CONVERSION = YES_AGGRESSIVE;
				CLANG_CXX_LANGUAGE_STANDARD = "gnu++14";
				CLANG_CXX_LIBRARY = "libc++";
				CLANG_ENABLE_MODULES = YES;
				CLANG_ENABLE_OBJC_ARC = YES;
				CLANG_ENABLE_OBJC_WEAK = YES;
				CLANG_WARN_BLOCK_CAPTURE_AUTORELEASING = YES;
				CLANG_WARN_BOOL_CONVERSION = YES;
				CLANG_WARN_COMMA = YES;
				CLANG_WARN_CONSTANT_CONVERSION = YES;
				CLANG_WARN_DEPRECATED_OBJC_IMPLEMENTATIONS = YES;
				CLANG_WARN_DIRECT_OBJC_ISA_USAGE = YES_ERROR;
				CLANG_WARN_DOCUMENTATION_COMMENTS = YES;
				CLANG_WARN_EMPTY_BODY = YES;
				CLANG_WARN_ENUM_CONVERSION = YES;
				CLANG_WARN_INFINITE_RECURSION = YES;
				CLANG_WARN_INT_CONVERSION = YES;
				CLANG_WARN_NON_LITERAL_NULL_CONVERSION = YES;
				CLANG_WARN_OBJC_IMPLICIT_RETAIN_SELF = YES;
				CLANG_WARN_OBJC_LITERAL_CONVERSION = YES;
				CLANG_WARN_OBJC_ROOT_CLASS = YES_ERROR;
				CLANG_WARN_QUOTED_INCLUDE_IN_FRAMEWORK_HEADER = YES;
				CLANG_WARN_RANGE_LOOP_ANALYSIS = YES;
				CLANG_WARN_STRICT_PROTOTYPES = YES;
				CLANG_WARN_SUSPICIOUS_MOVE = YES;
				CLANG_WARN_UNGUARDED_AVAILABILITY = YES_AGGRESSIVE;
				CLANG_WARN_UNREACHABLE_CODE = YES;
				CLANG_WARN__DUPLICATE_METHOD_MATCH = YES;
				COPY_PHASE_STRIP = NO;
				DEBUG_INFORMATION_FORMAT = dwarf;
				ENABLE_STRICT_OBJC_MSGSEND = YES;
				ENABLE_TESTABILITY = YES;
				GCC_C_LANGUAGE_STANDARD = gnu11;
				GCC_DYNAMIC_NO_PIC = NO;
				GCC_NO_COMMON_BLOCKS = YES;
				GCC_OPTIMIZATION_LEVEL = 0;
				GCC_PREPROCESSOR_DEFINITIONS = (
					"DEBUG=1",
					"$(inherited)",
				);
				GCC_WARN_64_TO_32_BIT_CONVERSION = YES;
				GCC_WARN_ABOUT_RETURN_TYPE = YES_ERROR;
				GCC_WARN_UNDECLARED_SELECTOR = YES;
				GCC_WARN_UNINITIALIZED_AUTOS = YES_AGGRESSIVE;
				GCC_WARN_UNUSED_FUNCTION = YES;
				GCC_WARN_UNUSED_VARIABLE = YES;
				IPHONEOS_DEPLOYMENT_TARGET = 14.2;
				MTL_ENABLE_DEBUG_INFO = INCLUDE_SOURCE;
				MTL_FAST_MATH = YES;
				ONLY_ACTIVE_ARCH = YES;
				SDKROOT = iphoneos;
				SWIFT_ACTIVE_COMPILATION_CONDITIONS = DEBUG;
				SWIFT_OPTIMIZATION_LEVEL = "-Onone";
			};
			name = Debug;
		};
		DCADD0C42541DA5D00086DD6 /* Release */ = {
			isa = XCBuildConfiguration;
			buildSettings = {
				ALWAYS_SEARCH_USER_PATHS = NO;
				CLANG_ANALYZER_LOCALIZABILITY_NONLOCALIZED = YES;
				CLANG_ANALYZER_NONNULL = YES;
				CLANG_ANALYZER_NUMBER_OBJECT_CONVERSION = YES_AGGRESSIVE;
				CLANG_CXX_LANGUAGE_STANDARD = "gnu++14";
				CLANG_CXX_LIBRARY = "libc++";
				CLANG_ENABLE_MODULES = YES;
				CLANG_ENABLE_OBJC_ARC = YES;
				CLANG_ENABLE_OBJC_WEAK = YES;
				CLANG_WARN_BLOCK_CAPTURE_AUTORELEASING = YES;
				CLANG_WARN_BOOL_CONVERSION = YES;
				CLANG_WARN_COMMA = YES;
				CLANG_WARN_CONSTANT_CONVERSION = YES;
				CLANG_WARN_DEPRECATED_OBJC_IMPLEMENTATIONS = YES;
				CLANG_WARN_DIRECT_OBJC_ISA_USAGE = YES_ERROR;
				CLANG_WARN_DOCUMENTATION_COMMENTS = YES;
				CLANG_WARN_EMPTY_BODY = YES;
				CLANG_WARN_ENUM_CONVERSION = YES;
				CLANG_WARN_INFINITE_RECURSION = YES;
				CLANG_WARN_INT_CONVERSION = YES;
				CLANG_WARN_NON_LITERAL_NULL_CONVERSION = YES;
				CLANG_WARN_OBJC_IMPLICIT_RETAIN_SELF = YES;
				CLANG_WARN_OBJC_LITERAL_CONVERSION = YES;
				CLANG_WARN_OBJC_ROOT_CLASS = YES_ERROR;
				CLANG_WARN_QUOTED_INCLUDE_IN_FRAMEWORK_HEADER = YES;
				CLANG_WARN_RANGE_LOOP_ANALYSIS = YES;
				CLANG_WARN_STRICT_PROTOTYPES = YES;
				CLANG_WARN_SUSPICIOUS_MOVE = YES;
				CLANG_WARN_UNGUARDED_AVAILABILITY = YES_AGGRESSIVE;
				CLANG_WARN_UNREACHABLE_CODE = YES;
				CLANG_WARN__DUPLICATE_METHOD_MATCH = YES;
				COPY_PHASE_STRIP = NO;
				DEBUG_INFORMATION_FORMAT = "dwarf-with-dsym";
				ENABLE_NS_ASSERTIONS = NO;
				ENABLE_STRICT_OBJC_MSGSEND = YES;
				GCC_C_LANGUAGE_STANDARD = gnu11;
				GCC_NO_COMMON_BLOCKS = YES;
				GCC_WARN_64_TO_32_BIT_CONVERSION = YES;
				GCC_WARN_ABOUT_RETURN_TYPE = YES_ERROR;
				GCC_WARN_UNDECLARED_SELECTOR = YES;
				GCC_WARN_UNINITIALIZED_AUTOS = YES_AGGRESSIVE;
				GCC_WARN_UNUSED_FUNCTION = YES;
				GCC_WARN_UNUSED_VARIABLE = YES;
				IPHONEOS_DEPLOYMENT_TARGET = 14.2;
				MTL_ENABLE_DEBUG_INFO = NO;
				MTL_FAST_MATH = YES;
				SDKROOT = iphoneos;
				SWIFT_COMPILATION_MODE = wholemodule;
				SWIFT_OPTIMIZATION_LEVEL = "-O";
				VALIDATE_PRODUCT = YES;
			};
			name = Release;
		};
		DCADD0C62541DA5D00086DD6 /* Debug */ = {
			isa = XCBuildConfiguration;
			buildSettings = {
				ASSETCATALOG_COMPILER_APPICON_NAME = AppIcon;
				ASSETCATALOG_COMPILER_GLOBAL_ACCENT_COLOR_NAME = AccentColor;
				CODE_SIGN_ENTITLEMENTS = UltimatePortfolio/Configuration/UltimatePortfolio.entitlements;
				CODE_SIGN_STYLE = Automatic;
				DEVELOPMENT_ASSET_PATHS = "\"UltimatePortfolio/Preview Content\"";
				DEVELOPMENT_TEAM = 2BRLV2FEPT;
				ENABLE_PREVIEWS = YES;
				INFOPLIST_FILE = UltimatePortfolio/Configuration/Info.plist;
				IPHONEOS_DEPLOYMENT_TARGET = 14.0;
				LD_RUNPATH_SEARCH_PATHS = (
					"$(inherited)",
					"@executable_path/Frameworks",
				);
				PRODUCT_BUNDLE_IDENTIFIER = thom.pheijffer.UltimatePortfolio;
				PRODUCT_NAME = "$(TARGET_NAME)";
				SWIFT_VERSION = 5.0;
				TARGETED_DEVICE_FAMILY = "1,2";
			};
			name = Debug;
		};
		DCADD0C72541DA5D00086DD6 /* Release */ = {
			isa = XCBuildConfiguration;
			buildSettings = {
				ASSETCATALOG_COMPILER_APPICON_NAME = AppIcon;
				ASSETCATALOG_COMPILER_GLOBAL_ACCENT_COLOR_NAME = AccentColor;
				CODE_SIGN_ENTITLEMENTS = UltimatePortfolio/Configuration/UltimatePortfolio.entitlements;
				CODE_SIGN_STYLE = Automatic;
				DEVELOPMENT_ASSET_PATHS = "\"UltimatePortfolio/Preview Content\"";
				DEVELOPMENT_TEAM = 2BRLV2FEPT;
				ENABLE_PREVIEWS = YES;
				INFOPLIST_FILE = UltimatePortfolio/Configuration/Info.plist;
				IPHONEOS_DEPLOYMENT_TARGET = 14.0;
				LD_RUNPATH_SEARCH_PATHS = (
					"$(inherited)",
					"@executable_path/Frameworks",
				);
				PRODUCT_BUNDLE_IDENTIFIER = thom.pheijffer.UltimatePortfolio;
				PRODUCT_NAME = "$(TARGET_NAME)";
				SWIFT_VERSION = 5.0;
				TARGETED_DEVICE_FAMILY = "1,2";
			};
			name = Release;
		};
/* End XCBuildConfiguration section */

/* Begin XCConfigurationList section */
		DC0B0DC32616533300DBE07D /* Build configuration list for PBXNativeTarget "UltimatePortfolioUITests" */ = {
			isa = XCConfigurationList;
			buildConfigurations = (
				DC0B0DC42616533300DBE07D /* Debug */,
				DC0B0DC52616533300DBE07D /* Release */,
			);
			defaultConfigurationIsVisible = 0;
			defaultConfigurationName = Release;
		};
		DC83CE9525C829A0003D3F3A /* Build configuration list for PBXNativeTarget "UltimatePortfolioTests" */ = {
			isa = XCConfigurationList;
			buildConfigurations = (
				DC83CE9625C829A0003D3F3A /* Debug */,
				DC83CE9725C829A0003D3F3A /* Release */,
			);
			defaultConfigurationIsVisible = 0;
			defaultConfigurationName = Release;
		};
		DCADD0B12541DA5C00086DD6 /* Build configuration list for PBXProject "UltimatePortfolio" */ = {
			isa = XCConfigurationList;
			buildConfigurations = (
				DCADD0C32541DA5D00086DD6 /* Debug */,
				DCADD0C42541DA5D00086DD6 /* Release */,
			);
			defaultConfigurationIsVisible = 0;
			defaultConfigurationName = Release;
		};
		DCADD0C52541DA5D00086DD6 /* Build configuration list for PBXNativeTarget "UltimatePortfolio" */ = {
			isa = XCConfigurationList;
			buildConfigurations = (
				DCADD0C62541DA5D00086DD6 /* Debug */,
				DCADD0C72541DA5D00086DD6 /* Release */,
			);
			defaultConfigurationIsVisible = 0;
			defaultConfigurationName = Release;
		};
/* End XCConfigurationList section */

/* Begin XCVersionGroup section */
		DC54AD242541F288009C840C /* Main.xcdatamodeld */ = {
			isa = XCVersionGroup;
			children = (
				DC54AD252541F288009C840C /* Model.xcdatamodel */,
			);
			currentVersion = DC54AD252541F288009C840C /* Model.xcdatamodel */;
			path = Main.xcdatamodeld;
			sourceTree = "<group>";
			versionGroupType = wrapper.xcdatamodel;
		};
/* End XCVersionGroup section */
	};
	rootObject = DCADD0AE2541DA5C00086DD6 /* Project object */;
}
